
Microsoft Visual Studio Solution File, Format Version 11.00
# Visual Studio 2010
Project("{FAE04EC0-301F-11D3-BF4B-00C04F79EFBC}") = "ZYX", "ZYX\ZYX.csproj", "{24B63548-07C1-4C0D-B3E8-4D4961484DED}"
EndProject
Global
	GlobalSection(SolutionConfigurationPlatforms) = preSolution
		Debug|Any CPU = Debug|Any CPU
		Release|Any CPU = Release|Any CPU
	EndGlobalSection
	GlobalSection(ProjectConfigurationPlatforms) = postSolution
		{24B63548-07C1-4C0D-B3E8-4D4961484DED}.Debug|Any CPU.ActiveCfg = Debug|Any CPU
		{24B63548-07C1-4C0D-B3E8-4D4961484DED}.Debug|Any CPU.Build.0 = Debug|Any CPU
		{24B63548-07C1-4C0D-B3E8-4D4961484DED}.Release|Any CPU.ActiveCfg = Release|Any CPU
		{24B63548-07C1-4C0D-B3E8-4D4961484DED}.Release|Any CPU.Build.0 = Release|Any CPU
	EndGlobalSection
	GlobalSection(SolutionProperties) = preSolution
		HideSolutionNode = FALSE
	EndGlobalSection
EndGlobal
