
Microsoft Visual Studio Solution File, Format Version 11.00
# Visual Studio 2010
Project("{FAE04EC0-301F-11D3-BF4B-00C04F79EFBC}") = "CodeContracts.console", "CodeContracts.console\CodeContracts.console.csproj", "{E56EA686-8FCE-4B14-80F6-4A48D1746B7F}"
EndProject
Project("{FAE04EC0-301F-11D3-BF4B-00C04F79EFBC}") = "CodeContracts.lib", "CodeContracts.lib\CodeContracts.lib.csproj", "{D29C3F34-2C87-4B01-8DB9-10D01DE01B2B}"
EndProject
Global
	GlobalSection(SolutionConfigurationPlatforms) = preSolution
		Debug|Any CPU = Debug|Any CPU
		Debug|Mixed Platforms = Debug|Mixed Platforms
		Debug|x86 = Debug|x86
		Release|Any CPU = Release|Any CPU
		Release|Mixed Platforms = Release|Mixed Platforms
		Release|x86 = Release|x86
	EndGlobalSection
	GlobalSection(ProjectConfigurationPlatforms) = postSolution
		{E56EA686-8FCE-4B14-80F6-4A48D1746B7F}.Debug|Any CPU.ActiveCfg = Debug|x86
		{E56EA686-8FCE-4B14-80F6-4A48D1746B7F}.Debug|Mixed Platforms.ActiveCfg = Debug|x86
		{E56EA686-8FCE-4B14-80F6-4A48D1746B7F}.Debug|Mixed Platforms.Build.0 = Debug|x86
		{E56EA686-8FCE-4B14-80F6-4A48D1746B7F}.Debug|x86.ActiveCfg = Debug|x86
		{E56EA686-8FCE-4B14-80F6-4A48D1746B7F}.Debug|x86.Build.0 = Debug|x86
		{E56EA686-8FCE-4B14-80F6-4A48D1746B7F}.Release|Any CPU.ActiveCfg = Release|x86
		{E56EA686-8FCE-4B14-80F6-4A48D1746B7F}.Release|Mixed Platforms.ActiveCfg = Release|x86
		{E56EA686-8FCE-4B14-80F6-4A48D1746B7F}.Release|Mixed Platforms.Build.0 = Release|x86
		{E56EA686-8FCE-4B14-80F6-4A48D1746B7F}.Release|x86.ActiveCfg = Release|x86
		{E56EA686-8FCE-4B14-80F6-4A48D1746B7F}.Release|x86.Build.0 = Release|x86
		{D29C3F34-2C87-4B01-8DB9-10D01DE01B2B}.Debug|Any CPU.ActiveCfg = Debug|Any CPU
		{D29C3F34-2C87-4B01-8DB9-10D01DE01B2B}.Debug|Any CPU.Build.0 = Debug|Any CPU
		{D29C3F34-2C87-4B01-8DB9-10D01DE01B2B}.Debug|Mixed Platforms.ActiveCfg = Debug|Any CPU
		{D29C3F34-2C87-4B01-8DB9-10D01DE01B2B}.Debug|Mixed Platforms.Build.0 = Debug|Any CPU
		{D29C3F34-2C87-4B01-8DB9-10D01DE01B2B}.Debug|x86.ActiveCfg = Debug|Any CPU
		{D29C3F34-2C87-4B01-8DB9-10D01DE01B2B}.Release|Any CPU.ActiveCfg = Release|Any CPU
		{D29C3F34-2C87-4B01-8DB9-10D01DE01B2B}.Release|Any CPU.Build.0 = Release|Any CPU
		{D29C3F34-2C87-4B01-8DB9-10D01DE01B2B}.Release|Mixed Platforms.ActiveCfg = Release|Any CPU
		{D29C3F34-2C87-4B01-8DB9-10D01DE01B2B}.Release|Mixed Platforms.Build.0 = Release|Any CPU
		{D29C3F34-2C87-4B01-8DB9-10D01DE01B2B}.Release|x86.ActiveCfg = Release|Any CPU
	EndGlobalSection
	GlobalSection(SolutionProperties) = preSolution
		HideSolutionNode = FALSE
	EndGlobalSection
EndGlobal
