
Microsoft Visual Studio Solution File, Format Version 11.00
# Visual Studio 2010
Project("{FAE04EC0-301F-11D3-BF4B-00C04F79EFBC}") = "ModelTest.Lib", "ModelTest.Lib\ModelTest.Lib.csproj", "{0962958E-711A-4CAD-8874-536891B17BE9}"
EndProject
Project("{FAE04EC0-301F-11D3-BF4B-00C04F79EFBC}") = "ModelTest.Lib.Unit.Tests", "ModelTest.Lib.Unit.Tests\ModelTest.Lib.Unit.Tests.csproj", "{83107FF4-B72F-45DB-9F6E-A81D85693A9D}"
EndProject
Project("{FAE04EC0-301F-11D3-BF4B-00C04F79EFBC}") = "ModelTest.Lib.Integration.Tests", "ModelTest.Lib.Integration.Tests\ModelTest.Lib.Integration.Tests.csproj", "{6783BFDB-9959-4934-B966-323496D741DE}"
EndProject
Project("{FAE04EC0-301F-11D3-BF4B-00C04F79EFBC}") = "ModelTest.Web", "ModelTest.Web\ModelTest.Web.csproj", "{D0BDF071-4587-4332-AA5B-36DB8563AD8C}"
EndProject
Global
	GlobalSection(SolutionConfigurationPlatforms) = preSolution
		Debug|Any CPU = Debug|Any CPU
		Release|Any CPU = Release|Any CPU
	EndGlobalSection
	GlobalSection(ProjectConfigurationPlatforms) = postSolution
		{0962958E-711A-4CAD-8874-536891B17BE9}.Debug|Any CPU.ActiveCfg = Debug|Any CPU
		{0962958E-711A-4CAD-8874-536891B17BE9}.Debug|Any CPU.Build.0 = Debug|Any CPU
		{0962958E-711A-4CAD-8874-536891B17BE9}.Release|Any CPU.ActiveCfg = Release|Any CPU
		{0962958E-711A-4CAD-8874-536891B17BE9}.Release|Any CPU.Build.0 = Release|Any CPU
		{83107FF4-B72F-45DB-9F6E-A81D85693A9D}.Debug|Any CPU.ActiveCfg = Debug|Any CPU
		{83107FF4-B72F-45DB-9F6E-A81D85693A9D}.Debug|Any CPU.Build.0 = Debug|Any CPU
		{83107FF4-B72F-45DB-9F6E-A81D85693A9D}.Release|Any CPU.ActiveCfg = Release|Any CPU
		{83107FF4-B72F-45DB-9F6E-A81D85693A9D}.Release|Any CPU.Build.0 = Release|Any CPU
		{6783BFDB-9959-4934-B966-323496D741DE}.Debug|Any CPU.ActiveCfg = Debug|Any CPU
		{6783BFDB-9959-4934-B966-323496D741DE}.Debug|Any CPU.Build.0 = Debug|Any CPU
		{6783BFDB-9959-4934-B966-323496D741DE}.Release|Any CPU.ActiveCfg = Release|Any CPU
		{6783BFDB-9959-4934-B966-323496D741DE}.Release|Any CPU.Build.0 = Release|Any CPU
		{D0BDF071-4587-4332-AA5B-36DB8563AD8C}.Debug|Any CPU.ActiveCfg = Debug|Any CPU
		{D0BDF071-4587-4332-AA5B-36DB8563AD8C}.Debug|Any CPU.Build.0 = Debug|Any CPU
		{D0BDF071-4587-4332-AA5B-36DB8563AD8C}.Release|Any CPU.ActiveCfg = Release|Any CPU
		{D0BDF071-4587-4332-AA5B-36DB8563AD8C}.Release|Any CPU.Build.0 = Release|Any CPU
	EndGlobalSection
	GlobalSection(SolutionProperties) = preSolution
		HideSolutionNode = FALSE
	EndGlobalSection
EndGlobal
