
Microsoft Visual Studio Solution File, Format Version 11.00
# Visual Studio 2010
Project("{FAE04EC0-301F-11D3-BF4B-00C04F79EFBC}") = "ConwayGameOfLife.WebUi", "ConwayGameOfLife.WebUi\ConwayGameOfLife.WebUi.csproj", "{C7B6ABD9-0425-4805-9370-4229650E74B9}"
EndProject
Project("{FAE04EC0-301F-11D3-BF4B-00C04F79EFBC}") = "ConwayGameOfLife.Tests", "ConwayGameOfLife.Tests\ConwayGameOfLife.Tests.csproj", "{053246FE-F500-4D31-BAF5-1E88EE194CA5}"
EndProject
Project("{FAE04EC0-301F-11D3-BF4B-00C04F79EFBC}") = "ConwayGameOfLife.Domain", "ConwayGameOfLife.Domain\ConwayGameOfLife.Domain.csproj", "{B569F72B-05DA-4B56-A183-81EBC840E18D}"
EndProject
Global
	GlobalSection(SolutionConfigurationPlatforms) = preSolution
		Debug|Any CPU = Debug|Any CPU
		Release|Any CPU = Release|Any CPU
	EndGlobalSection
	GlobalSection(ProjectConfigurationPlatforms) = postSolution
		{C7B6ABD9-0425-4805-9370-4229650E74B9}.Debug|Any CPU.ActiveCfg = Debug|Any CPU
		{C7B6ABD9-0425-4805-9370-4229650E74B9}.Debug|Any CPU.Build.0 = Debug|Any CPU
		{C7B6ABD9-0425-4805-9370-4229650E74B9}.Release|Any CPU.ActiveCfg = Release|Any CPU
		{C7B6ABD9-0425-4805-9370-4229650E74B9}.Release|Any CPU.Build.0 = Release|Any CPU
		{053246FE-F500-4D31-BAF5-1E88EE194CA5}.Debug|Any CPU.ActiveCfg = Debug|Any CPU
		{053246FE-F500-4D31-BAF5-1E88EE194CA5}.Debug|Any CPU.Build.0 = Debug|Any CPU
		{053246FE-F500-4D31-BAF5-1E88EE194CA5}.Release|Any CPU.ActiveCfg = Release|Any CPU
		{053246FE-F500-4D31-BAF5-1E88EE194CA5}.Release|Any CPU.Build.0 = Release|Any CPU
		{B569F72B-05DA-4B56-A183-81EBC840E18D}.Debug|Any CPU.ActiveCfg = Debug|Any CPU
		{B569F72B-05DA-4B56-A183-81EBC840E18D}.Debug|Any CPU.Build.0 = Debug|Any CPU
		{B569F72B-05DA-4B56-A183-81EBC840E18D}.Release|Any CPU.ActiveCfg = Release|Any CPU
		{B569F72B-05DA-4B56-A183-81EBC840E18D}.Release|Any CPU.Build.0 = Release|Any CPU
	EndGlobalSection
	GlobalSection(SolutionProperties) = preSolution
		HideSolutionNode = FALSE
	EndGlobalSection
EndGlobal
